github.com/a-h/templ v0.3.943 h1:o+mT/4yqhZ33F3ootBiHwaY4HM5EVaOJfIshvd5UNTY=
github.com/a-h/templ v0.3.943/go.mod h1:oCZcnKRf5jjsGpf2yELzQfodLphd2mwecwG4Crk5HBo=
github.com/evanw/esbuild v0.28.1 h1:ds+yuRyUaZGx++GR56CrCeuXh8PVhVM4xq8v7PNELFc=
github.com/evanw/esbuild v0.28.1/go.mod h1:D2vIQZqV/vIf/VRHtViaUtViZmG7o+kKmlBfVQuRi48=
github.com/go-chi/chi/v5 v5.2.3 h1:WQIt9uxdsAbgIYgid+BpYc+liqQZGMHRaUwp0JUcvdE=
github.com/go-chi/chi/v5 v5.2.3/go.mod h1:L2yAIGWB3H+phAw1NxKwWM+7eUH/lU8pOMm5hHcoops=
github.com/google/go-cmp v0.6.0 h1:ofyhxvXcZhMsU5ulbFiLKl/XBFqE1GSq7atu8tAmTRI=
github.com/google/go-cmp v0.6.0/go.mod h1:17dUlkBOakJ0+DkrSSNjCkIjxS6bF9zb3elmeNGIjoY=
github.com/theway2go/way2go v0.0.0-20260807120249-94a204ba079b h1:57K7ztCWkyWX1VsGkWeCipHQcsVCvLUEVJuhReVB2qo=
github.com/theway2go/way2go v0.0.0-20260807120249-94a204ba079b/go.mod h1:EQGKMvoDVTmTM1vzZ3hbzIy+BVVWZ8zAe68akjPVOpg=
golang.org/x/sys v0.0.0-20220715151400-c0bba94af5f8/go.mod h1:oPkhp1MJrh7nUepCBck5+mAzfO9JrbApNNgaTdGDITg=
golang.org/x/sys v0.34.0 h1:H5Y5sJ2L2JRdyv7ROF1he/lPdvFsd0mJHFw2ThKHxLA=
golang.org/x/sys v0.34.0/go.mod h1:BJP2sWEmIv4KK5OTEluFJCKSidICx8ciO85XgH3Ak8k=
